
Microsoft Visual Studio Solution File, Format Version 12.00
# Visual Studio Version 16
VisualStudioVersion = 16.0.30114.105
MinimumVisualStudioVersion = 10.0.40219.1
Project("{FAE04EC0-301F-11D3-BF4B-00C04F79EFBC}") = "ForsakenBorders.Backend", "ForsakenBorders.Backend\ForsakenBorders.Backend.csproj", "{4307666E-01BD-4982-AC9E-565871CBACA3}"
EndProject
Project("{FAE04EC0-301F-11D3-BF4B-00C04F79EFBC}") = "ForsakenBorders.Backend.Tests", "ForsakenBorders.Backend.Tests\ForsakenBorders.Backend.Tests.csproj", "{131B8F65-8A18-4494-8341-EDF9A165510B}"
EndProject
Global
	GlobalSection(SolutionConfigurationPlatforms) = preSolution
		Debug|Any CPU = Debug|Any CPU
		Debug|x64 = Debug|x64
		Debug|x86 = Debug|x86
		Release|Any CPU = Release|Any CPU
		Release|x64 = Release|x64
		Release|x86 = Release|x86
	EndGlobalSection
	GlobalSection(SolutionProperties) = preSolution
		HideSolutionNode = FALSE
	EndGlobalSection
	GlobalSection(ProjectConfigurationPlatforms) = postSolution
		{4307666E-01BD-4982-AC9E-565871CBACA3}.Debug|Any CPU.ActiveCfg = Debug|Any CPU
		{4307666E-01BD-4982-AC9E-565871CBACA3}.Debug|Any CPU.Build.0 = Debug|Any CPU
		{4307666E-01BD-4982-AC9E-565871CBACA3}.Debug|x64.ActiveCfg = Debug|Any CPU
		{4307666E-01BD-4982-AC9E-565871CBACA3}.Debug|x64.Build.0 = Debug|Any CPU
		{4307666E-01BD-4982-AC9E-565871CBACA3}.Debug|x86.ActiveCfg = Debug|Any CPU
		{4307666E-01BD-4982-AC9E-565871CBACA3}.Debug|x86.Build.0 = Debug|Any CPU
		{4307666E-01BD-4982-AC9E-565871CBACA3}.Release|Any CPU.ActiveCfg = Release|Any CPU
		{4307666E-01BD-4982-AC9E-565871CBACA3}.Release|Any CPU.Build.0 = Release|Any CPU
		{4307666E-01BD-4982-AC9E-565871CBACA3}.Release|x64.ActiveCfg = Release|Any CPU
		{4307666E-01BD-4982-AC9E-565871CBACA3}.Release|x64.Build.0 = Release|Any CPU
		{4307666E-01BD-4982-AC9E-565871CBACA3}.Release|x86.ActiveCfg = Release|Any CPU
		{4307666E-01BD-4982-AC9E-565871CBACA3}.Release|x86.Build.0 = Release|Any CPU
		{131B8F65-8A18-4494-8341-EDF9A165510B}.Debug|Any CPU.ActiveCfg = Debug|Any CPU
		{131B8F65-8A18-4494-8341-EDF9A165510B}.Debug|Any CPU.Build.0 = Debug|Any CPU
		{131B8F65-8A18-4494-8341-EDF9A165510B}.Debug|x64.ActiveCfg = Debug|Any CPU
		{131B8F65-8A18-4494-8341-EDF9A165510B}.Debug|x64.Build.0 = Debug|Any CPU
		{131B8F65-8A18-4494-8341-EDF9A165510B}.Debug|x86.ActiveCfg = Debug|Any CPU
		{131B8F65-8A18-4494-8341-EDF9A165510B}.Debug|x86.Build.0 = Debug|Any CPU
		{131B8F65-8A18-4494-8341-EDF9A165510B}.Release|Any CPU.ActiveCfg = Release|Any CPU
		{131B8F65-8A18-4494-8341-EDF9A165510B}.Release|Any CPU.Build.0 = Release|Any CPU
		{131B8F65-8A18-4494-8341-EDF9A165510B}.Release|x64.ActiveCfg = Release|Any CPU
		{131B8F65-8A18-4494-8341-EDF9A165510B}.Release|x64.Build.0 = Release|Any CPU
		{131B8F65-8A18-4494-8341-EDF9A165510B}.Release|x86.ActiveCfg = Release|Any CPU
		{131B8F65-8A18-4494-8341-EDF9A165510B}.Release|x86.Build.0 = Release|Any CPU
	EndGlobalSection
EndGlobal
